<?xml version="1.0" encoding="utf-8"?>
<Project ToolsVersion="4.0" xmlns="http://schemas.microsoft.com/developer/msbuild/2003">
  <ItemGroup>
    <Filter Include="Source Files">
      <UniqueIdentifier>{4FC737F1-C7A5-4376-A066-2A32D752A2FF}</UniqueIdentifier>
      <Extensions>cpp;c;cc;cxx;c++;cppm;ixx;def;odl;idl;hpj;bat;asm;asmx</Extensions>
    </Filter>
    <Filter Include="public">
      <UniqueIdentifier>{cc443f4f-7418-4622-98c1-99bc62c4ae19}</UniqueIdentifier>
    </Filter>
    <Filter Include="private">
      <UniqueIdentifier>{18851b5a-f5f9-4834-bfce-99fcf6c41508}</UniqueIdentifier>
    </Filter>
    <Filter Include="public\Utils">
      <UniqueIdentifier>{f2c01c6f-6b6d-4d40-acd2-76568cd947ec}</UniqueIdentifier>
    </Filter>
    <Filter Include="public\Renderer">
      <UniqueIdentifier>{d2b3e086-c692-40db-ae69-d4c61b0b4acb}</UniqueIdentifier>
    </Filter>
    <Filter Include="public\Resource">
      <UniqueIdentifier>{b295db2b-66e7-4808-814f-789e2e52a903}</UniqueIdentifier>
    </Filter>
    <Filter Include="Shaders">
      <UniqueIdentifier>{75b07219-9a9e-4569-b8f6-f56e8c417dcf}</UniqueIdentifier>
    </Filter>
    <Filter Include="Shaders\Basic">
      <UniqueIdentifier>{b8faa81d-ced3-4b20-9c2a-d316187a3b0c}</UniqueIdentifier>
    </Filter>
    <Filter Include="public\Mesh">
      <UniqueIdentifier>{fa5b461a-64d2-4202-acc3-48f49329d6e2}</UniqueIdentifier>
    </Filter>
    <Filter Include="public\Scene">
      <UniqueIdentifier>{956e8678-f719-4229-ab02-42e2e3289cf5}</UniqueIdentifier>
    </Filter>
    <Filter Include="private\Scene">
      <UniqueIdentifier>{a806efab-60b0-4623-bc62-59a015bed7e7}</UniqueIdentifier>
    </Filter>
    <Filter Include="private\Renderer">
      <UniqueIdentifier>{270953fc-bbeb-41da-8bde-a6ffd4085088}</UniqueIdentifier>
    </Filter>
    <Filter Include="private\Utils">
      <UniqueIdentifier>{81099726-78e7-44fc-9243-0087dd039cdf}</UniqueIdentifier>
    </Filter>
    <Filter Include="public\Actor">
      <UniqueIdentifier>{4fef21ba-032c-4359-b4b8-d196f729f596}</UniqueIdentifier>
    </Filter>
    <Filter Include="private\Actor">
      <UniqueIdentifier>{538b9470-624e-4de8-93db-8199e703f085}</UniqueIdentifier>
    </Filter>
    <Filter Include="private\Component">
      <UniqueIdentifier>{793ec352-f7ed-4687-b34a-808a52a089d4}</UniqueIdentifier>
    </Filter>
    <Filter Include="public\Component">
      <UniqueIdentifier>{3a236955-12ee-4376-a15b-738240c3a00d}</UniqueIdentifier>
    </Filter>
    <Filter Include="public\Manager">
      <UniqueIdentifier>{733586bd-0221-437c-b862-ad84e889142f}</UniqueIdentifier>
    </Filter>
    <Filter Include="private\Manager">
      <UniqueIdentifier>{4779d6c3-f936-4111-bf47-2f24fe8a25c0}</UniqueIdentifier>
    </Filter>
    <Filter Include="private\Resource">
      <UniqueIdentifier>{8bd709a1-c5bd-41cc-8563-8cb126ee5976}</UniqueIdentifier>
    </Filter>
    <Filter Include="Shaders\Utils">
      <UniqueIdentifier>{f9ed7de0-f09c-4f85-a598-4c354a0b90b5}</UniqueIdentifier>
    </Filter>
    <Filter Include="public\PostProcess">
      <UniqueIdentifier>{ebca0db6-9411-4fac-b961-0bc9ff2237b0}</UniqueIdentifier>
    </Filter>
    <Filter Include="private\PostProcess">
      <UniqueIdentifier>{704dc767-c72f-4e76-8354-9d9e349660d0}</UniqueIdentifier>
    </Filter>
    <Filter Include="Shaders\PostProcess">
      <UniqueIdentifier>{1dcb1abd-9d00-47bd-8f73-b70a191c72fd}</UniqueIdentifier>
    </Filter>
    <Filter Include="Shaders\PostProcess\Bloom">
      <UniqueIdentifier>{640f767d-d833-4e09-973f-29ba5171a3b0}</UniqueIdentifier>
    </Filter>
    <Filter Include="Shaders\Skybox">
      <UniqueIdentifier>{776878ca-ce78-48b9-8bfa-db08a0be5d6d}</UniqueIdentifier>
    </Filter>
    <Filter Include="Shaders\Billboard">
      <UniqueIdentifier>{5f829d3d-91d5-4bf6-9ddd-e1bee2dcb91b}</UniqueIdentifier>
    </Filter>
    <Filter Include="Shaders\TessellationQuad">
      <UniqueIdentifier>{2f600788-5799-47ce-ace8-0ef265260af4}</UniqueIdentifier>
    </Filter>
    <Filter Include="Shaders\TessellationTri">
      <UniqueIdentifier>{49589ac9-5f78-4f21-aa08-230a766261fd}</UniqueIdentifier>
    </Filter>
    <Filter Include="Shaders\Phong">
      <UniqueIdentifier>{0a68cc2e-3f35-4ff5-99f1-d8ae64902e2e}</UniqueIdentifier>
    </Filter>
    <Filter Include="Shaders\PBR">
      <UniqueIdentifier>{7fca8bbd-79bd-42f1-8fb6-4cdfcb504036}</UniqueIdentifier>
    </Filter>
    <Filter Include="Shaders\PostProcess\ToneMapping">
      <UniqueIdentifier>{feb21421-3802-4d3b-a399-5bdf6efd3535}</UniqueIdentifier>
    </Filter>
    <Filter Include="Shaders\Mirror">
      <UniqueIdentifier>{84da814c-8161-4de0-80fa-b1e0f368f798}</UniqueIdentifier>
    </Filter>
    <Filter Include="Shaders\Depth">
      <UniqueIdentifier>{fce57525-fd47-4731-9120-3c33b704cce8}</UniqueIdentifier>
    </Filter>
    <Filter Include="Shaders\Shadow">
      <UniqueIdentifier>{f67ab29c-3913-420c-a5eb-3cf52902551d}</UniqueIdentifier>
    </Filter>
    <Filter Include="public\Actor\Light">
      <UniqueIdentifier>{b6e0038e-3113-42d1-adb2-799212ed0cbf}</UniqueIdentifier>
    </Filter>
    <Filter Include="private\Actor\Light">
      <UniqueIdentifier>{a3d78322-c03b-4938-9774-9a5a6f30ac4a}</UniqueIdentifier>
    </Filter>
    <Filter Include="public\GUI">
      <UniqueIdentifier>{640b8908-4a36-4c05-a47b-4613db5dd34a}</UniqueIdentifier>
    </Filter>
    <Filter Include="private\GUI">
      <UniqueIdentifier>{e6595f02-6323-4fb6-825d-4b99a1d9dcb0}</UniqueIdentifier>
    </Filter>
    <Filter Include="private\ParticleSystem">
      <UniqueIdentifier>{fb4d68a9-4cff-4934-bf21-fdc87278d63b}</UniqueIdentifier>
    </Filter>
    <Filter Include="public\ParticleSystem">
      <UniqueIdentifier>{0e8b8d7c-d1e0-40bc-bc0e-c26b1ad716c8}</UniqueIdentifier>
    </Filter>
    <Filter Include="Shaders\Particle">
      <UniqueIdentifier>{3dd797af-74ba-42d5-8170-2550af713f39}</UniqueIdentifier>
    </Filter>
    <Filter Include="public\ParticleSystem\Module">
      <UniqueIdentifier>{32594ed6-85a3-431c-9708-5b3022f51583}</UniqueIdentifier>
    </Filter>
    <Filter Include="public\ParticleSystem\Utils">
      <UniqueIdentifier>{13706464-1672-4e96-94fb-c5a7d74781c0}</UniqueIdentifier>
    </Filter>
    <Filter Include="public\ParticleSystem\Buffer">
      <UniqueIdentifier>{16fc1ed4-a236-4b98-ac3d-674784a3b25f}</UniqueIdentifier>
    </Filter>
    <Filter Include="public\ParticleSystem\Resource">
      <UniqueIdentifier>{df639e14-4802-4783-a538-94edee4a25a7}</UniqueIdentifier>
    </Filter>
    <Filter Include="public\ParticleSystem\Actor">
      <UniqueIdentifier>{fcf6b784-8c9d-4352-af46-8260c33f86cc}</UniqueIdentifier>
    </Filter>
    <Filter Include="public\ParticleSystem\Actor\Basic">
      <UniqueIdentifier>{322d1b77-9a4a-4247-b85e-8687956ee2c0}</UniqueIdentifier>
    </Filter>
    <Filter Include="public\ParticleSystem\Actor\Combination">
      <UniqueIdentifier>{c7e44fcc-4ea5-4983-90ba-fdb4612dee92}</UniqueIdentifier>
    </Filter>
  </ItemGroup>
  <ItemGroup>
    <ClInclude Include="pch.h">
      <Filter>Source Files</Filter>
    </ClInclude>
    <ClInclude Include="Mesh.h">
      <Filter>public\Mesh</Filter>
    </ClInclude>
    <ClInclude Include="MeshData.h">
      <Filter>public\Mesh</Filter>
    </ClInclude>
    <ClInclude Include="D3D11Utils.h">
      <Filter>public\Utils</Filter>
    </ClInclude>
    <ClInclude Include="GeometryGenerator.h">
      <Filter>public\Utils</Filter>
    </ClInclude>
    <ClInclude Include="ConstantData.h">
      <Filter>public\Mesh</Filter>
    </ClInclude>
    <ClInclude Include="RenderBase.h">
      <Filter>public\Renderer</Filter>
    </ClInclude>
    <ClInclude Include="Vertex.h">
      <Filter>public\Mesh</Filter>
    </ClInclude>
    <ClInclude Include="Scene.h">
      <Filter>public\Scene</Filter>
    </ClInclude>
    <ClInclude Include="Common.h">
      <Filter>public\Utils</Filter>
    </ClInclude>
    <ClInclude Include="AppBase.h">
      <Filter>Source Files</Filter>
    </ClInclude>
    <ClInclude Include="WindowUtils.h">
      <Filter>public\Utils</Filter>
    </ClInclude>
    <ClInclude Include="Object.h">
      <Filter>public\Actor</Filter>
    </ClInclude>
    <ClInclude Include="Actor.h">
      <Filter>public\Actor</Filter>
    </ClInclude>
    <ClInclude Include="Component.h">
      <Filter>public\Component</Filter>
    </ClInclude>
    <ClInclude Include="CameraActor.h">
      <Filter>public\Actor</Filter>
    </ClInclude>
    <ClInclude Include="TransformComponent.h">
      <Filter>public\Component</Filter>
    </ClInclude>
    <ClInclude Include="InputManager.h">
      <Filter>public\Manager</Filter>
    </ClInclude>
    <ClInclude Include="InputTypes.h">
      <Filter>public\Utils</Filter>
    </ClInclude>
    <ClInclude Include="InputAction.h">
      <Filter>public\Utils</Filter>
    </ClInclude>
    <ClInclude Include="Image.h">
      <Filter>public\Resource</Filter>
    </ClInclude>
    <ClInclude Include="Resource.h">
      <Filter>public\Resource</Filter>
    </ClInclude>
    <ClInclude Include="Texture2D.h">
      <Filter>public\Resource</Filter>
    </ClInclude>
    <ClInclude Include="ModelLoader.h">
      <Filter>public\Utils</Filter>
    </ClInclude>
    <ClInclude Include="ModelComponent.h">
      <Filter>public\Component</Filter>
    </ClInclude>
    <ClInclude Include="SkyboxActor.h">
      <Filter>public\Actor</Filter>
    </ClInclude>
    <ClInclude Include="PostProcess.h">
      <Filter>public\PostProcess</Filter>
    </ClInclude>
    <ClInclude Include="ImageFilter.h">
      <Filter>public\PostProcess</Filter>
    </ClInclude>
    <ClInclude Include="BloomEffect.h">
      <Filter>public\PostProcess</Filter>
    </ClInclude>
    <ClInclude Include="SampleActor.h">
      <Filter>public\Actor</Filter>
    </ClInclude>
    <ClInclude Include="GraphicsCommon.h">
      <Filter>public\Renderer</Filter>
    </ClInclude>
    <ClInclude Include="GraphicsPSO.h">
      <Filter>public\Renderer</Filter>
    </ClInclude>
    <ClInclude Include="ToneMappingFilter.h">
      <Filter>public\PostProcess</Filter>
    </ClInclude>
    <ClInclude Include="CopyFilter.h">
      <Filter>public\PostProcess</Filter>
    </ClInclude>
    <ClInclude Include="DepthFilter.h">
      <Filter>public\PostProcess</Filter>
    </ClInclude>
    <ClInclude Include="FogEffect.h">
      <Filter>public\PostProcess</Filter>
    </ClInclude>
    <ClInclude Include="SquareActor.h">
      <Filter>public\Actor</Filter>
    </ClInclude>
    <ClInclude Include="LightActor.h">
      <Filter>public\Actor\Light</Filter>
    </ClInclude>
    <ClInclude Include="Utils.h">
      <Filter>public\Utils</Filter>
    </ClInclude>
    <ClInclude Include="PointLight.h">
      <Filter>public\Actor\Light</Filter>
    </ClInclude>
    <ClInclude Include="SpotLight.h">
      <Filter>public\Actor\Light</Filter>
    </ClInclude>
    <ClInclude Include="DetailGui.h">
      <Filter>public\GUI</Filter>
    </ClInclude>
    <ClInclude Include="Gui.h">
      <Filter>public\GUI</Filter>
    </ClInclude>
    <ClInclude Include="GuiBase.h">
      <Filter>public\GUI</Filter>
    </ClInclude>
    <ClInclude Include="Outliner.h">
      <Filter>public\GUI</Filter>
    </ClInclude>
    <ClInclude Include="SampleScene.h">
      <Filter>public\Scene</Filter>
    </ClInclude>
    <ClInclude Include="ParticleEditor.h">
      <Filter>public\ParticleSystem</Filter>
    </ClInclude>
    <ClInclude Include="ParticleEmitter.h">
      <Filter>public\ParticleSystem</Filter>
    </ClInclude>
    <ClInclude Include="Particle.h">
      <Filter>public\ParticleSystem</Filter>
    </ClInclude>
    <ClInclude Include="ParticleSystem.h">
      <Filter>public\ParticleSystem</Filter>
    </ClInclude>
    <ClInclude Include="ParticleModule.h">
      <Filter>public\ParticleSystem\Module</Filter>
    </ClInclude>
    <ClInclude Include="SpawnModule.h">
      <Filter>public\ParticleSystem\Module</Filter>
    </ClInclude>
    <ClInclude Include="RenderModule.h">
      <Filter>public\ParticleSystem\Module</Filter>
    </ClInclude>
    <ClInclude Include="ForceModule.h">
      <Filter>public\ParticleSystem\Module</Filter>
    </ClInclude>
    <ClInclude Include="VisualModule.h">
      <Filter>public\ParticleSystem\Module</Filter>
    </ClInclude>
    <ClInclude Include="ParticleLoader.h">
      <Filter>public\ParticleSystem\Utils</Filter>
    </ClInclude>
    <ClInclude Include="FileWatcher.h">
      <Filter>public\ParticleSystem\Utils</Filter>
    </ClInclude>
    <ClInclude Include="AppendBuffer.h">
      <Filter>public\ParticleSystem\Buffer</Filter>
    </ClInclude>
    <ClInclude Include="IndirectArgsBuffer.h">
      <Filter>public\ParticleSystem\Buffer</Filter>
    </ClInclude>
    <ClInclude Include="ComputeShader.h">
      <Filter>public\ParticleSystem\Buffer</Filter>
    </ClInclude>
    <ClInclude Include="BitonicSort.h">
      <Filter>public\ParticleSystem\Buffer</Filter>
    </ClInclude>
    <ClInclude Include="ParticleContext.h">
      <Filter>public\ParticleSystem\Utils</Filter>
    </ClInclude>
    <ClInclude Include="ComputePSO.h">
      <Filter>public\ParticleSystem\Buffer</Filter>
    </ClInclude>
    <ClInclude Include="ParticleProperties.h">
      <Filter>public\ParticleSystem\Utils</Filter>
    </ClInclude>
    <ClInclude Include="StagingBuffer.h">
      <Filter>public\ParticleSystem\Buffer</Filter>
    </ClInclude>
    <ClInclude Include="StructuredBuffer.h">
      <Filter>public\ParticleSystem\Buffer</Filter>
    </ClInclude>
    <ClInclude Include="ParticleModuleFactory.h">
      <Filter>public\ParticleSystem\Utils</Filter>
    </ClInclude>
    <ClInclude Include="TextureManager.h">
      <Filter>public\ParticleSystem\Utils</Filter>
    </ClInclude>
    <ClInclude Include="VortexModule.h">
      <Filter>public\ParticleSystem\Module</Filter>
    </ClInclude>
    <ClInclude Include="Image2.h">
      <Filter>public\ParticleSystem\Resource</Filter>
    </ClInclude>
    <ClInclude Include="Mesh2.h">
      <Filter>public\ParticleSystem\Resource</Filter>
    </ClInclude>
    <ClInclude Include="Material.h">
      <Filter>public\ParticleSystem\Utils</Filter>
    </ClInclude>
    <ClInclude Include="MaterialSystem.h">
      <Filter>public\ParticleSystem\Utils</Filter>
    </ClInclude>
    <ClInclude Include="ModelManager.h">
      <Filter>public\ParticleSystem\Utils</Filter>
    </ClInclude>
    <ClInclude Include="MaterialModule.h">
      <Filter>public\ParticleSystem\Module</Filter>
    </ClInclude>
    <ClInclude Include="TextureSpawnBake.h">
      <Filter>public\ParticleSystem</Filter>
    </ClInclude>
    <ClInclude Include="ComputeCommon.h">
      <Filter>public\ParticleSystem\Buffer</Filter>
    </ClInclude>
    <ClInclude Include="ParticleManager.h">
      <Filter>public\ParticleSystem</Filter>
    </ClInclude>
    <ClInclude Include="EffectActor.h">
      <Filter>public\ParticleSystem\Actor</Filter>
    </ClInclude>
    <ClInclude Include="ParticleSpawner.h">
      <Filter>public\ParticleSystem\Actor</Filter>
    </ClInclude>
    <ClInclude Include="ClickEffectManager.h">
      <Filter>public\ParticleSystem\Utils</Filter>
    </ClInclude>
    <ClInclude Include="RoseEffect.h">
      <Filter>public\ParticleSystem\Actor</Filter>
    </ClInclude>
    <ClInclude Include="OrbitModule.h">
      <Filter>public\ParticleSystem\Module</Filter>
    </ClInclude>
    <ClInclude Include="SnowActor.h">
      <Filter>public\ParticleSystem\Actor\Basic</Filter>
    </ClInclude>
    <ClInclude Include="SpawnEffectsActor.h">
      <Filter>public\ParticleSystem\Actor\Basic</Filter>
    </ClInclude>
    <ClInclude Include="Firework.h">
      <Filter>public\ParticleSystem\Actor\Basic</Filter>
    </ClInclude>
    <ClInclude Include="BillboardEffectsActor.h">
      <Filter>public\ParticleSystem\Actor\Basic</Filter>
    </ClInclude>
    <ClInclude Include="ForceEffectsActor.h">
      <Filter>public\ParticleSystem\Actor\Basic</Filter>
    </ClInclude>
    <ClInclude Include="MaterialEffectsActor.h">
      <Filter>public\ParticleSystem\Actor\Basic</Filter>
    </ClInclude>
    <ClInclude Include="MeshEffectsActor.h">
      <Filter>public\ParticleSystem\Actor\Basic</Filter>
    </ClInclude>
    <ClInclude Include="OrbitEffectsActor.h">
      <Filter>public\ParticleSystem\Actor\Basic</Filter>
    </ClInclude>
    <ClInclude Include="SubEmitterEffectsActor.h">
      <Filter>public\ParticleSystem\Actor\Basic</Filter>
    </ClInclude>
    <ClInclude Include="VisualEffectsActor.h">
      <Filter>public\ParticleSystem\Actor\Basic</Filter>
    </ClInclude>
    <ClInclude Include="VortexEffectsActor.h">
      <Filter>public\ParticleSystem\Actor\Basic</Filter>
    </ClInclude>
    <ClInclude Include="BasicParticleScene.h">
      <Filter>public\ParticleSystem</Filter>
    </ClInclude>
    <ClInclude Include="TestActor.h">
      <Filter>public\ParticleSystem\Actor</Filter>
    </ClInclude>
    <ClInclude Include="BreathEffect.h">
      <Filter>public\ParticleSystem\Actor\Combination</Filter>
    </ClInclude>
    <ClInclude Include="HolySwordEffect.h">
      <Filter>public\ParticleSystem\Actor\Combination</Filter>
    </ClInclude>
    <ClInclude Include="IceEffect.h">
      <Filter>public\ParticleSystem\Actor\Combination</Filter>
    </ClInclude>
    <ClInclude Include="MagicEffect.h">
      <Filter>public\ParticleSystem\Actor\Combination</Filter>
    </ClInclude>
    <ClInclude Include="NecroEffect.h">
      <Filter>public\ParticleSystem\Actor\Combination</Filter>
    </ClInclude>
    <ClInclude Include="NightSkyEffect.h">
      <Filter>public\ParticleSystem\Actor\Combination</Filter>
    </ClInclude>
    <ClInclude Include="PhoenixEffect.h">
      <Filter>public\ParticleSystem\Actor\Combination</Filter>
    </ClInclude>
    <ClInclude Include="PortalEffect.h">
      <Filter>public\ParticleSystem\Actor\Combination</Filter>
    </ClInclude>
    <ClInclude Include="StarEffect.h">
      <Filter>public\ParticleSystem\Actor\Combination</Filter>
    </ClInclude>
    <ClInclude Include="ThunderEffect.h">
      <Filter>public\ParticleSystem\Actor\Combination</Filter>
    </ClInclude>
    <ClInclude Include="TsunamiEffect.h">
      <Filter>public\ParticleSystem\Actor\Combination</Filter>
    </ClInclude>
    <ClInclude Include="ObjectPool.h" />
    <ClInclude Include="ParticleMemoryPool.h">
      <Filter>public\ParticleSystem</Filter>
    </ClInclude>
    <ClInclude Include="ScopedTimer.h">
      <Filter>public\ParticleSystem\Utils</Filter>
    </ClInclude>
  </ItemGroup>
  <ItemGroup>
    <ClCompile Include="DXEngine.cpp">
      <Filter>Source Files</Filter>
    </ClCompile>
    <ClCompile Include="AppBase.cpp">
      <Filter>Source Files</Filter>
    </ClCompile>
    <ClCompile Include="Scene.cpp">
      <Filter>private\Scene</Filter>
    </ClCompile>
    <ClCompile Include="RenderBase.cpp">
      <Filter>private\Renderer</Filter>
    </ClCompile>
    <ClCompile Include="D3D11Utils.cpp">
      <Filter>private\Utils</Filter>
    </ClCompile>
    <ClCompile Include="GeometryGenerator.cpp">
      <Filter>private\Utils</Filter>
    </ClCompile>
    <ClCompile Include="Object.cpp">
      <Filter>private\Actor</Filter>
    </ClCompile>
    <ClCompile Include="Actor.cpp">
      <Filter>private\Actor</Filter>
    </ClCompile>
    <ClCompile Include="CameraActor.cpp">
      <Filter>private\Actor</Filter>
    </ClCompile>
    <ClCompile Include="TransformComponent.cpp">
      <Filter>private\Component</Filter>
    </ClCompile>
    <ClCompile Include="Component.cpp">
      <Filter>private\Component</Filter>
    </ClCompile>
    <ClCompile Include="InputManager.cpp">
      <Filter>private\Manager</Filter>
    </ClCompile>
    <ClCompile Include="Image.cpp">
      <Filter>private\Resource</Filter>
    </ClCompile>
    <ClCompile Include="Texture2D.cpp">
      <Filter>private\Resource</Filter>
    </ClCompile>
    <ClCompile Include="ModelLoader.cpp">
      <Filter>private\Utils</Filter>
    </ClCompile>
    <ClCompile Include="ModelComponent.cpp">
      <Filter>private\Component</Filter>
    </ClCompile>
    <ClCompile Include="SkyboxActor.cpp">
      <Filter>private\Actor</Filter>
    </ClCompile>
    <ClCompile Include="PostProcess.cpp">
      <Filter>private\PostProcess</Filter>
    </ClCompile>
    <ClCompile Include="ImageFilter.cpp">
      <Filter>private\PostProcess</Filter>
    </ClCompile>
    <ClCompile Include="BloomEffect.cpp">
      <Filter>private\PostProcess</Filter>
    </ClCompile>
    <ClCompile Include="SampleActor.cpp">
      <Filter>private\Actor</Filter>
    </ClCompile>
    <ClCompile Include="GraphicsCommon.cpp">
      <Filter>private\Renderer</Filter>
    </ClCompile>
    <ClCompile Include="GraphicsPSO.cpp">
      <Filter>private\Renderer</Filter>
    </ClCompile>
    <ClCompile Include="ToneMappingFilter.cpp">
      <Filter>private\PostProcess</Filter>
    </ClCompile>
    <ClCompile Include="CopyFilter.cpp">
      <Filter>private\PostProcess</Filter>
    </ClCompile>
    <ClCompile Include="FogEffect.cpp">
      <Filter>private\PostProcess</Filter>
    </ClCompile>
    <ClCompile Include="DepthFilter.cpp">
      <Filter>private\PostProcess</Filter>
    </ClCompile>
    <ClCompile Include="SquareActor.cpp">
      <Filter>private\Actor</Filter>
    </ClCompile>
    <ClCompile Include="LightActor.cpp">
      <Filter>private\Actor\Light</Filter>
    </ClCompile>
    <ClCompile Include="SpotLight.cpp">
      <Filter>private\Actor\Light</Filter>
    </ClCompile>
    <ClCompile Include="PointLight.cpp">
      <Filter>private\Actor\Light</Filter>
    </ClCompile>
    <ClCompile Include="Gui.cpp">
      <Filter>private\GUI</Filter>
    </ClCompile>
    <ClCompile Include="Outliner.cpp">
      <Filter>private\GUI</Filter>
    </ClCompile>
    <ClCompile Include="GuiBase.cpp">
      <Filter>private\GUI</Filter>
    </ClCompile>
    <ClCompile Include="DetailGui.cpp">
      <Filter>private\GUI</Filter>
    </ClCompile>
    <ClCompile Include="ParticleProperties.cpp">
      <Filter>private\ParticleSystem</Filter>
    </ClCompile>
    <ClCompile Include="ParticleEditor.cpp">
      <Filter>private\ParticleSystem</Filter>
    </ClCompile>
    <ClCompile Include="SampleScene.cpp">
      <Filter>private\Scene</Filter>
    </ClCompile>
    <ClCompile Include="ParticleEmitter.cpp">
      <Filter>private\ParticleSystem</Filter>
    </ClCompile>
    <ClCompile Include="Particle.cpp">
      <Filter>private\ParticleSystem</Filter>
    </ClCompile>
    <ClCompile Include="ComputePSO.cpp">
      <Filter>private\ParticleSystem</Filter>
    </ClCompile>
    <ClCompile Include="ComputeShader.cpp">
      <Filter>private\ParticleSystem</Filter>
    </ClCompile>
    <ClCompile Include="SpawnModule.cpp">
      <Filter>private\ParticleSystem</Filter>
    </ClCompile>
    <ClCompile Include="ForceModule.cpp">
      <Filter>private\ParticleSystem</Filter>
    </ClCompile>
    <ClCompile Include="ParticleModule.cpp">
      <Filter>private\ParticleSystem</Filter>
    </ClCompile>
    <ClCompile Include="VisualModule.cpp">
      <Filter>private\ParticleSystem</Filter>
    </ClCompile>
    <ClCompile Include="RenderModule.cpp">
      <Filter>private\ParticleSystem</Filter>
    </ClCompile>
    <ClCompile Include="BitonicSort.cpp">
      <Filter>private\ParticleSystem</Filter>
    </ClCompile>
    <ClCompile Include="FileWatcher.cpp">
      <Filter>private\ParticleSystem</Filter>
    </ClCompile>
    <ClCompile Include="ParticleLoader.cpp">
      <Filter>private\ParticleSystem</Filter>
    </ClCompile>
    <ClCompile Include="ParticleModuleFactory.cpp">
      <Filter>private\ParticleSystem</Filter>
    </ClCompile>
    <ClCompile Include="ParticleSystem.cpp">
      <Filter>private\ParticleSystem</Filter>
    </ClCompile>
    <ClCompile Include="TextureManager.cpp">
      <Filter>private\ParticleSystem</Filter>
    </ClCompile>
    <ClCompile Include="VortexModule.cpp">
      <Filter>private\ParticleSystem</Filter>
    </ClCompile>
    <ClCompile Include="pch.cpp">
      <Filter>Source Files</Filter>
    </ClCompile>
    <ClCompile Include="Image2.cpp">
      <Filter>private\ParticleSystem</Filter>
    </ClCompile>
    <ClCompile Include="MaterialModule.cpp">
      <Filter>private\ParticleSystem</Filter>
    </ClCompile>
    <ClCompile Include="MaterialSystem.cpp">
      <Filter>private\ParticleSystem</Filter>
    </ClCompile>
    <ClCompile Include="ModelManager.cpp">
      <Filter>private\ParticleSystem</Filter>
    </ClCompile>
    <ClCompile Include="TextureSpawnBake.cpp">
      <Filter>private\ParticleSystem</Filter>
    </ClCompile>
    <ClCompile Include="ClickEffectManager.cpp">
      <Filter>private\ParticleSystem</Filter>
    </ClCompile>
    <ClCompile Include="ComputeCommon.cpp">
      <Filter>private\ParticleSystem</Filter>
    </ClCompile>
    <ClCompile Include="ParticleManager.cpp">
      <Filter>private\ParticleSystem</Filter>
    </ClCompile>
    <ClCompile Include="ParticleSpawner.cpp">
      <Filter>private\ParticleSystem</Filter>
    </ClCompile>
    <ClCompile Include="EffectActor.cpp">
      <Filter>private\Actor</Filter>
    </ClCompile>
    <ClCompile Include="Firework.cpp">
      <Filter>private\Actor</Filter>
    </ClCompile>
    <ClCompile Include="OrbitModule.cpp">
      <Filter>private\ParticleSystem</Filter>
    </ClCompile>
    <ClCompile Include="RoseEffect.cpp">
      <Filter>private\ParticleSystem</Filter>
    </ClCompile>
    <ClCompile Include="BasicParticleScene.cpp">
      <Filter>private\ParticleSystem</Filter>
    </ClCompile>
    <ClCompile Include="BillboardEffectsActor.cpp">
      <Filter>private\ParticleSystem</Filter>
    </ClCompile>
    <ClCompile Include="ForceEffectsActor.cpp">
      <Filter>private\ParticleSystem</Filter>
    </ClCompile>
    <ClCompile Include="MaterialEffectsActor.cpp">
      <Filter>private\ParticleSystem</Filter>
    </ClCompile>
    <ClCompile Include="MeshEffectsActor.cpp">
      <Filter>private\ParticleSystem</Filter>
    </ClCompile>
    <ClCompile Include="OrbitEffectsActor.cpp">
      <Filter>private\ParticleSystem</Filter>
    </ClCompile>
    <ClCompile Include="SnowActor.cpp">
      <Filter>private\ParticleSystem</Filter>
    </ClCompile>
    <ClCompile Include="SpawnEffectsActor.cpp">
      <Filter>private\ParticleSystem</Filter>
    </ClCompile>
    <ClCompile Include="SubEmitterEffectsActor.cpp">
      <Filter>private\ParticleSystem</Filter>
    </ClCompile>
    <ClCompile Include="TestActor.cpp">
      <Filter>private\ParticleSystem</Filter>
    </ClCompile>
    <ClCompile Include="VisualEffectsActor.cpp">
      <Filter>private\ParticleSystem</Filter>
    </ClCompile>
    <ClCompile Include="VortexEffectsActor.cpp">
      <Filter>private\ParticleSystem</Filter>
    </ClCompile>
    <ClCompile Include="TsunamiEffect.cpp">
      <Filter>private\ParticleSystem</Filter>
    </ClCompile>
    <ClCompile Include="BreathEffect.cpp">
      <Filter>private\ParticleSystem</Filter>
    </ClCompile>
    <ClCompile Include="HolySwordEffect.cpp">
      <Filter>private\ParticleSystem</Filter>
    </ClCompile>
    <ClCompile Include="IceEffect.cpp">
      <Filter>private\ParticleSystem</Filter>
    </ClCompile>
    <ClCompile Include="MagicEffect.cpp">
      <Filter>private\ParticleSystem</Filter>
    </ClCompile>
    <ClCompile Include="NecroEffect.cpp">
      <Filter>private\ParticleSystem</Filter>
    </ClCompile>
    <ClCompile Include="NightSkyEffect.cpp">
      <Filter>private\ParticleSystem</Filter>
    </ClCompile>
    <ClCompile Include="PhoenixEffect.cpp">
      <Filter>private\ParticleSystem</Filter>
    </ClCompile>
    <ClCompile Include="PortalEffect.cpp">
      <Filter>private\ParticleSystem</Filter>
    </ClCompile>
    <ClCompile Include="StarEffect.cpp">
      <Filter>private\ParticleSystem</Filter>
    </ClCompile>
    <ClCompile Include="ThunderEffect.cpp">
      <Filter>private\ParticleSystem</Filter>
    </ClCompile>
    <ClCompile Include="ObjectPool.cpp">
      <Filter>Source Files</Filter>
    </ClCompile>
    <ClCompile Include="ParticleMemoryPool.cpp">
      <Filter>Source Files</Filter>
    </ClCompile>
  </ItemGroup>
  <ItemGroup>
    <FxCompile Include="BasicPS.hlsl">
      <Filter>Shaders\Basic</Filter>
    </FxCompile>
    <FxCompile Include="BasicVS.hlsl">
      <Filter>Shaders\Basic</Filter>
    </FxCompile>
    <FxCompile Include="NormalVS.hlsl">
      <Filter>Shaders\Utils</Filter>
    </FxCompile>
    <FxCompile Include="NormalPS.hlsl">
      <Filter>Shaders\Utils</Filter>
    </FxCompile>
    <FxCompile Include="NormalGS.hlsl">
      <Filter>Shaders\Utils</Filter>
    </FxCompile>
    <FxCompile Include="BloomDownPS.hlsl">
      <Filter>Shaders\PostProcess\Bloom</Filter>
    </FxCompile>
    <FxCompile Include="BloomUpPS.hlsl">
      <Filter>Shaders\PostProcess\Bloom</Filter>
    </FxCompile>
    <FxCompile Include="CombinePS.hlsl">
      <Filter>Shaders\PostProcess\Bloom</Filter>
    </FxCompile>
    <FxCompile Include="ColorPS.hlsl">
      <Filter>Shaders\Basic</Filter>
    </FxCompile>
    <FxCompile Include="SkyboxPS.hlsl">
      <Filter>Shaders\Skybox</Filter>
    </FxCompile>
    <FxCompile Include="SkyboxVS.hlsl">
      <Filter>Shaders\Skybox</Filter>
    </FxCompile>
    <FxCompile Include="SamplingVS.hlsl">
      <Filter>Shaders\PostProcess</Filter>
    </FxCompile>
    <FxCompile Include="BillboardVS.hlsl">
      <Filter>Shaders\Billboard</Filter>
    </FxCompile>
    <FxCompile Include="BillboardPS.hlsl">
      <Filter>Shaders\Billboard</Filter>
    </FxCompile>
    <FxCompile Include="BillboardGS.hlsl">
      <Filter>Shaders\Billboard</Filter>
    </FxCompile>
    <FxCompile Include="TreeBillboardPS.hlsl">
      <Filter>Shaders\Billboard</Filter>
    </FxCompile>
    <FxCompile Include="TessellationQuadVS.hlsl">
      <Filter>Shaders\TessellationQuad</Filter>
    </FxCompile>
    <FxCompile Include="TessellationQuadHS.hlsl">
      <Filter>Shaders\TessellationQuad</Filter>
    </FxCompile>
    <FxCompile Include="TessellationQuadDS.hlsl">
      <Filter>Shaders\TessellationQuad</Filter>
    </FxCompile>
    <FxCompile Include="TessellationQuadPS.hlsl">
      <Filter>Shaders\TessellationQuad</Filter>
    </FxCompile>
    <FxCompile Include="ToneMappingPS.hlsl">
      <Filter>Shaders\PostProcess\ToneMapping</Filter>
    </FxCompile>
    <FxCompile Include="UnrealPBR.hlsl">
      <Filter>Shaders\PBR</Filter>
    </FxCompile>
    <FxCompile Include="CopyFilterPS.hlsl">
      <Filter>Shaders\PostProcess</Filter>
    </FxCompile>
    <FxCompile Include="DepthOnlyPS.hlsl">
      <Filter>Shaders\Depth</Filter>
    </FxCompile>
    <FxCompile Include="DepthOnlyVS.hlsl">
      <Filter>Shaders\Depth</Filter>
    </FxCompile>
    <FxCompile Include="FogEffectPS.hlsl">
      <Filter>Shaders\PostProcess</Filter>
    </FxCompile>
    <FxCompile Include="DepthPS.hlsl">
      <Filter>Shaders\PostProcess</Filter>
    </FxCompile>
    <FxCompile Include="HaloPS.hlsl">
      <Filter>Shaders\PostProcess</Filter>
    </FxCompile>
    <FxCompile Include="SpawnCS.hlsl">
      <Filter>Shaders\Particle</Filter>
    </FxCompile>
    <FxCompile Include="ParticleArgsUpdateCS.hlsl">
      <Filter>Shaders\Particle</Filter>
    </FxCompile>
    <FxCompile Include="ParticleCS.hlsl">
      <Filter>Shaders\Particle</Filter>
    </FxCompile>
    <FxCompile Include="ParticleVS.hlsl">
      <Filter>Shaders\Particle</Filter>
    </FxCompile>
    <FxCompile Include="ParticleGS.hlsl">
      <Filter>Shaders\Particle</Filter>
    </FxCompile>
    <FxCompile Include="ParticlePS.hlsl">
      <Filter>Shaders\Particle</Filter>
    </FxCompile>
    <FxCompile Include="BitonicSortCS.hlsl">
      <Filter>Shaders\Particle</Filter>
    </FxCompile>
    <FxCompile Include="InitBitonicSortCS.hlsl">
      <Filter>Shaders\Particle</Filter>
    </FxCompile>
    <FxCompile Include="VortexCS.hlsl">
      <Filter>Shaders\Particle</Filter>
    </FxCompile>
    <FxCompile Include="ParticleMeshVS.hlsl">
      <Filter>Shaders\Particle</Filter>
    </FxCompile>
    <FxCompile Include="ParticleMeshArgsUpdateCS.hlsl">
      <Filter>Shaders\Particle</Filter>
    </FxCompile>
    <FxCompile Include="ParticlePBR.hlsl">
      <Filter>Shaders\Particle</Filter>
    </FxCompile>
    <FxCompile Include="TextureSpawnBakeCS.hlsl">
      <Filter>Shaders\Particle</Filter>
    </FxCompile>
    <FxCompile Include="OrbitCS.hlsl">
      <Filter>Shaders\Particle</Filter>
    </FxCompile>
  </ItemGroup>
  <ItemGroup>
    <None Include="BlinnPhong.hlsli">
      <Filter>Shaders\Phong</Filter>
    </None>
    <None Include="ToneMapping.hlsli">
      <Filter>Shaders\PostProcess\ToneMapping</Filter>
    </None>
    <None Include="Common.hlsli">
      <Filter>Shaders</Filter>
    </None>
    <None Include="Shadow.hlsli">
      <Filter>Shaders\Shadow</Filter>
    </None>
    <None Include="DiskSamples.hlsli">
      <Filter>Shaders\Shadow</Filter>
    </None>
    <None Include="ParticleCommon.hlsli">
      <Filter>Shaders\Particle</Filter>
    </None>
  </ItemGroup>
</Project>